{
  "object": {
    "pins": [
      {
        "package": "AnyCodable",
        "repositoryURL": "https://github.com/Flight-School/AnyCodable.git",
        "state": {
          "branch": null,
          "revision": "876d162385e9862ae8b3c8d65dc301312b040005",
          "version": "0.6.0"
        }
      },
      {
        "package": "async-http-client",
        "repositoryURL": "https://github.com/swift-server/async-http-client.git",
        "state": {
          "branch": null,
          "revision": "8ccba7328d178ac05a1a9803cf3f2c6660d2f826",
          "version": "1.3.0"
        }
      },
      {
        "package": "async-kit",
        "repositoryURL": "https://github.com/vapor/async-kit.git",
        "state": {
          "branch": null,
          "revision": "c1de408100a2f2e4ab2ea06512e8635bc1a59144",
          "version": "1.3.1"
        }
      },
      {
        "package": "Botter",
        "repositoryURL": "https://github.com/CoolONEOfficial/Botter.git",
        "state": {
          "branch": "main",
          "revision": "22d8693a008fac368a5ad457c062320eb8b7a0eb",
          "version": null
        }
      },
      {
        "package": "console-kit",
        "repositoryURL": "https://github.com/vapor/console-kit.git",
        "state": {
          "branch": null,
          "revision": "cfe8bcd58f74ffecb4f536d8237de146b634ecd3",
          "version": "4.2.6"
        }
      },
      {
        "package": "DateHelper",
        "repositoryURL": "https://github.com/CoolONEOfficial/DateHelper.git",
        "state": {
          "branch": "master",
          "revision": "28e9e6493349a1846168891feae88f416396bbde",
          "version": null
        }
      },
      {
        "package": "fluent",
        "repositoryURL": "https://github.com/vapor/fluent.git",
        "state": {
          "branch": null,
          "revision": "c67c33ad788445406a5bf6a63880229e5f580577",
          "version": "4.3.0"
        }
      },
      {
        "package": "fluent-kit",
        "repositoryURL": "https://github.com/vapor/fluent-kit.git",
        "state": {
          "branch": null,
          "revision": "e22fb0973725b662319fd4a7365988f1ae796e27",
          "version": "1.12.1"
        }
      },
      {
        "package": "fluent-postgres-driver",
        "repositoryURL": "https://github.com/vapor/fluent-postgres-driver.git",
        "state": {
          "branch": null,
          "revision": "11d4fce0c5d8a027a5d131439c9c94dd3230cb8e",
          "version": "2.1.2"
        }
      },
      {
        "package": "multipart-kit",
        "repositoryURL": "https://github.com/vapor/multipart-kit.git",
        "state": {
          "branch": null,
          "revision": "2376b4949e8a1675f7c495224029498194eecf61",
          "version": "4.0.3"
        }
      },
      {
        "package": "postgres-kit",
        "repositoryURL": "https://github.com/vapor/postgres-kit.git",
        "state": {
          "branch": null,
          "revision": "13f6c735cf9a9053011d03e77e2a81802ad6c680",
          "version": "2.3.0"
        }
      },
      {
        "package": "postgres-nio",
        "repositoryURL": "https://github.com/vapor/postgres-nio.git",
        "state": {
          "branch": null,
          "revision": "33eea144f465a48b17f4c63573c40d33824fdde4",
          "version": "1.5.2"
        }
      },
      {
        "package": "routing-kit",
        "repositoryURL": "https://github.com/vapor/routing-kit.git",
        "state": {
          "branch": null,
          "revision": "a0801a36a6ad501d5ad6285cbcd4774de6b0a734",
          "version": "4.3.0"
        }
      },
      {
        "package": "sql-kit",
        "repositoryURL": "https://github.com/vapor/sql-kit.git",
        "state": {
          "branch": null,
          "revision": "211ce34be6a2dcd8b9f0c04f6a561c642a940c86",
          "version": "3.9.0"
        }
      },
      {
        "package": "swift-backtrace",
        "repositoryURL": "https://github.com/swift-server/swift-backtrace.git",
        "state": {
          "branch": null,
          "revision": "54a65d6391a1467a896d0d351ff2de6f469ee53c",
          "version": "1.2.3"
        }
      },
      {
        "package": "swift-crypto",
        "repositoryURL": "https://github.com/apple/swift-crypto.git",
        "state": {
          "branch": null,
          "revision": "3bea268b223651c4ab7b7b9ad62ef9b2d4143eb6",
          "version": "1.1.6"
        }
      },
      {
        "package": "swift-log",
        "repositoryURL": "https://github.com/apple/swift-log.git",
        "state": {
          "branch": null,
          "revision": "5d66f7ba25daf4f94100e7022febf3c75e37a6c7",
          "version": "1.4.2"
        }
      },
      {
        "package": "swift-metrics",
        "repositoryURL": "https://github.com/apple/swift-metrics.git",
        "state": {
          "branch": null,
          "revision": "e382458581b05839a571c578e90060fff499f101",
          "version": "2.1.1"
        }
      },
      {
        "package": "swift-nio",
        "repositoryURL": "https://github.com/apple/swift-nio.git",
        "state": {
          "branch": null,
          "revision": "d161bf658780b209c185994528e7e24376cf7283",
          "version": "2.29.0"
        }
      },
      {
        "package": "swift-nio-extras",
        "repositoryURL": "https://github.com/apple/swift-nio-extras.git",
        "state": {
          "branch": null,
          "revision": "de1c80ad1fdff1ba772bcef6b392c3ef735f39a6",
          "version": "1.8.0"
        }
      },
      {
        "package": "swift-nio-http2",
        "repositoryURL": "https://github.com/apple/swift-nio-http2.git",
        "state": {
          "branch": null,
          "revision": "e3e9024a632b40695ad5d3a85f9776a9b27a4bc6",
          "version": "1.17.0"
        }
      },
      {
        "package": "swift-nio-ssl",
        "repositoryURL": "https://github.com/apple/swift-nio-ssl.git",
        "state": {
          "branch": null,
          "revision": "6363cdf6d2fb863e82434f3c4618f4e896e37569",
          "version": "2.13.1"
        }
      },
      {
        "package": "swift-nio-transport-services",
        "repositoryURL": "https://github.com/apple/swift-nio-transport-services.git",
        "state": {
          "branch": null,
          "revision": "657537c2cf1845f8d5201ecc4e48f21f21841128",
          "version": "1.10.0"
        }
      },
      {
        "package": "SwiftSoup",
        "repositoryURL": "https://github.com/scinfu/SwiftSoup.git",
        "state": {
          "branch": null,
          "revision": "774dc9c7213085db8aa59595e27c1cd22e428904",
          "version": "2.3.2"
        }
      },
      {
        "package": "SwiftyChrono",
        "repositoryURL": "https://github.com/CoolONEOfficial/SwiftyChrono.git",
        "state": {
          "branch": "master",
          "revision": "1c51aa32cb348c56910d4557cff3e1f52e9f57e4",
          "version": null
        }
      },
      {
        "package": "Telegrammer",
        "repositoryURL": "https://github.com/CoolONEOfficial/Telegrammer.git",
        "state": {
          "branch": "patch-2",
          "revision": "4bff4ef3bc1919903fac1f81f82a47e75e8d973d",
          "version": null
        }
      },
      {
        "package": "telegrammer-vapor-middleware",
        "repositoryURL": "https://github.com/nerzh/telegrammer-vapor-middleware.git",
        "state": {
          "branch": "master",
          "revision": "eea70f6567b0e732fc3f22e1708fe76e6c766a52",
          "version": null
        }
      },
      {
        "package": "ValidatedPropertyKit",
        "repositoryURL": "https://github.com/SvenTiigi/ValidatedPropertyKit.git",
        "state": {
          "branch": null,
          "revision": "760c3c708e88c5e3c113e3a4dc26324ebaf351f7",
          "version": "0.0.4"
        }
      },
      {
        "package": "vapor",
        "repositoryURL": "https://github.com/vapor/vapor.git",
        "state": {
          "branch": null,
          "revision": "9d154df6214a1d6027f04a495e8981bac49224da",
          "version": "4.45.6"
        }
      },
      {
        "package": "Vkontakter",
        "repositoryURL": "https://github.com/CoolONEOfficial/Vkontakter.git",
        "state": {
          "branch": null,
          "revision": "56521384764704678bfe7fc9236b72880590ad7e",
          "version": "0.1.3"
        }
      },
      {
        "package": "vkontakter-vapor-middleware",
        "repositoryURL": "https://github.com/CoolONEOfficial/vkontakter-vapor-middleware.git",
        "state": {
          "branch": null,
          "revision": "76d8b5a797dc9b03130c9ac8ee3fac604a4627f5",
          "version": "0.1.0"
        }
      },
      {
        "package": "websocket-kit",
        "repositoryURL": "https://github.com/vapor/websocket-kit.git",
        "state": {
          "branch": null,
          "revision": "a2d26b3de8b3be292f3208d1c74024f76ac503da",
          "version": "2.1.3"
        }
      }
    ]
  },
  "version": 1
}
